
Microsoft Visual Studio Solution File, Format Version 12.00
# Visual Studio Version 17
VisualStudioVersion = 17.6.33815.320
MinimumVisualStudioVersion = 10.0.40219.1
Project("{FAE04EC0-301F-11D3-BF4B-00C04F79EFBC}") = "Auth", "Auth.csproj", "{1A9BF69F-B0D3-44D2-938B-CF1FE882030E}"
EndProject
Global
	GlobalSection(SolutionConfigurationPlatforms) = preSolution
		Debug|Any CPU = Debug|Any CPU
		Release|Any CPU = Release|Any CPU
	EndGlobalSection
	GlobalSection(ProjectConfigurationPlatforms) = postSolution
		{1A9BF69F-B0D3-44D2-938B-CF1FE882030E}.Debug|Any CPU.ActiveCfg = Debug|Any CPU
		{1A9BF69F-B0D3-44D2-938B-CF1FE882030E}.Debug|Any CPU.Build.0 = Debug|Any CPU
		{1A9BF69F-B0D3-44D2-938B-CF1FE882030E}.Release|Any CPU.ActiveCfg = Release|Any CPU
		{1A9BF69F-B0D3-44D2-938B-CF1FE882030E}.Release|Any CPU.Build.0 = Release|Any CPU
	EndGlobalSection
	GlobalSection(SolutionProperties) = preSolution
		HideSolutionNode = FALSE
	EndGlobalSection
	GlobalSection(ExtensibilityGlobals) = postSolution
		SolutionGuid = {25529825-7A49-4B91-B333-67AA4FD89339}
	EndGlobalSection
EndGlobal
